
Microsoft Visual Studio Solution File, Format Version 12.00
# Visual Studio Version 17
VisualStudioVersion = 17.2.32630.192
MinimumVisualStudioVersion = 10.0.40219.1
Project("{FAE04EC0-301F-11D3-BF4B-00C04F79EFBC}") = "MVCLibrary", "MVCLibrary\MVCLibrary.csproj", "{5206194B-9245-4B62-B221-56888BB6DCE0}"
EndProject
Global
	GlobalSection(SolutionConfigurationPlatforms) = preSolution
		Debug|Any CPU = Debug|Any CPU
		Release|Any CPU = Release|Any CPU
	EndGlobalSection
	GlobalSection(ProjectConfigurationPlatforms) = postSolution
		{5206194B-9245-4B62-B221-56888BB6DCE0}.Debug|Any CPU.ActiveCfg = Debug|Any CPU
		{5206194B-9245-4B62-B221-56888BB6DCE0}.Debug|Any CPU.Build.0 = Debug|Any CPU
		{5206194B-9245-4B62-B221-56888BB6DCE0}.Release|Any CPU.ActiveCfg = Release|Any CPU
		{5206194B-9245-4B62-B221-56888BB6DCE0}.Release|Any CPU.Build.0 = Release|Any CPU
	EndGlobalSection
	GlobalSection(SolutionProperties) = preSolution
		HideSolutionNode = FALSE
	EndGlobalSection
	GlobalSection(ExtensibilityGlobals) = postSolution
		SolutionGuid = {A8FD0B23-4D88-4655-9AAE-67AB2A50A9AC}
	EndGlobalSection
EndGlobal
